Microsoft Visual Studio Solution File, Format Version 12.00
# Visual Studio 15
VisualStudioVersion = 15.0.26124.0
MinimumVisualStudioVersion = 15.0.26124.0
Project("{2150E333-8FDC-42A3-9474-1A3956D46DE8}") = "tests", "tests", "{9C28D4B3-39CA-4911-B1D0-209F86D2CDB1}"
EndProject
Project("{9A19103F-16F7-4668-BE54-9A1E7A4F7556}") = "Clean.Adapter.UnitTests", "tests\Clean.Adapter.UnitTests\Clean.Adapter.UnitTests.csproj", "{36EB569D-11F9-4CB7-AB1B-5E7F9E568921}"
EndProject
Project("{9A19103F-16F7-4668-BE54-9A1E7A4F7556}") = "Clean.Configuration.UnitTests", "tests\Clean.Configuration.UnitTests\Clean.Configuration.UnitTests.csproj", "{9EFA27AE-00D4-4ABD-B7B1-EEA642AF9BF9}"
EndProject
Project("{9A19103F-16F7-4668-BE54-9A1E7A4F7556}") = "Clean.Domain.UnitTests", "tests\Clean.Domain.UnitTests\Clean.Domain.UnitTests.csproj", "{554EA98F-307D-4C5B-8212-B99C32A35D71}"
EndProject
Project("{9A19103F-16F7-4668-BE54-9A1E7A4F7556}") = "Clean.Shared.UnitTests", "tests\Clean.Shared.UnitTests\Clean.Shared.UnitTests.csproj", "{B25650B1-7298-4F23-B1AA-83BAAB43FA50}"
EndProject
Project("{2150E333-8FDC-42A3-9474-1A3956D46DE8}") = "src", "src", "{7F78C994-CBAE-4683-A2BB-FCE45B0D63D5}"
EndProject
Project("{9A19103F-16F7-4668-BE54-9A1E7A4F7556}") = "Clean.UseCase", "src\Clean.UseCase\Clean.UseCase.csproj", "{B2816813-1933-4362-96C4-7534E5EF3732}"
EndProject
Project("{9A19103F-16F7-4668-BE54-9A1E7A4F7556}") = "Clean.Adapter", "src\Clean.Adapter\Clean.Adapter.csproj", "{B970077E-BE24-4B8B-A7DC-12F21D21C6B6}"
EndProject
Project("{9A19103F-16F7-4668-BE54-9A1E7A4F7556}") = "Clean.Domain", "src\Clean.Domain\Clean.Domain.csproj", "{7565C443-F5D6-4EC7-8FC2-EA385FEE0D67}"
EndProject
Project("{9A19103F-16F7-4668-BE54-9A1E7A4F7556}") = "Clean.Shared", "src\Clean.Shared\Clean.Shared.csproj", "{24F1758F-0F57-422F-871F-35E0DAF54C5F}"
EndProject
Project("{9A19103F-16F7-4668-BE54-9A1E7A4F7556}") = "Clean.UseCase.UnitTests", "tests\Clean.UseCase.UnitTests\Clean.UseCase.UnitTests.csproj", "{B666F761-1E73-4DF3-B2CF-E8EDF9ABC486}"
EndProject
Project("{9A19103F-16F7-4668-BE54-9A1E7A4F7556}") = "Clean.Configuration", "src\Clean.Configuration\Clean.Configuration.csproj", "{CC4A7B3B-A978-4A7E-AB96-BC6B386B6A48}"
EndProject
Global
	GlobalSection(SolutionConfigurationPlatforms) = preSolution
		Debug|Any CPU = Debug|Any CPU
		Debug|x64 = Debug|x64
		Debug|x86 = Debug|x86
		Release|Any CPU = Release|Any CPU
		Release|x64 = Release|x64
		Release|x86 = Release|x86
	EndGlobalSection
	GlobalSection(ProjectConfigurationPlatforms) = postSolution
		{36EB569D-11F9-4CB7-AB1B-5E7F9E568921}.Debug|Any CPU.ActiveCfg = Debug|Any CPU
		{36EB569D-11F9-4CB7-AB1B-5E7F9E568921}.Debug|Any CPU.Build.0 = Debug|Any CPU
		{36EB569D-11F9-4CB7-AB1B-5E7F9E568921}.Debug|x64.ActiveCfg = Debug|Any CPU
		{36EB569D-11F9-4CB7-AB1B-5E7F9E568921}.Debug|x64.Build.0 = Debug|Any CPU
		{36EB569D-11F9-4CB7-AB1B-5E7F9E568921}.Debug|x86.ActiveCfg = Debug|Any CPU
		{36EB569D-11F9-4CB7-AB1B-5E7F9E568921}.Debug|x86.Build.0 = Debug|Any CPU
		{36EB569D-11F9-4CB7-AB1B-5E7F9E568921}.Release|Any CPU.ActiveCfg = Release|Any CPU
		{36EB569D-11F9-4CB7-AB1B-5E7F9E568921}.Release|Any CPU.Build.0 = Release|Any CPU
		{36EB569D-11F9-4CB7-AB1B-5E7F9E568921}.Release|x64.ActiveCfg = Release|Any CPU
		{36EB569D-11F9-4CB7-AB1B-5E7F9E568921}.Release|x64.Build.0 = Release|Any CPU
		{36EB569D-11F9-4CB7-AB1B-5E7F9E568921}.Release|x86.ActiveCfg = Release|Any CPU
		{36EB569D-11F9-4CB7-AB1B-5E7F9E568921}.Release|x86.Build.0 = Release|Any CPU
		{9EFA27AE-00D4-4ABD-B7B1-EEA642AF9BF9}.Debug|Any CPU.ActiveCfg = Debug|Any CPU
		{9EFA27AE-00D4-4ABD-B7B1-EEA642AF9BF9}.Debug|Any CPU.Build.0 = Debug|Any CPU
		{9EFA27AE-00D4-4ABD-B7B1-EEA642AF9BF9}.Debug|x64.ActiveCfg = Debug|Any CPU
		{9EFA27AE-00D4-4ABD-B7B1-EEA642AF9BF9}.Debug|x64.Build.0 = Debug|Any CPU
		{9EFA27AE-00D4-4ABD-B7B1-EEA642AF9BF9}.Debug|x86.ActiveCfg = Debug|Any CPU
		{9EFA27AE-00D4-4ABD-B7B1-EEA642AF9BF9}.Debug|x86.Build.0 = Debug|Any CPU
		{9EFA27AE-00D4-4ABD-B7B1-EEA642AF9BF9}.Release|Any CPU.ActiveCfg = Release|Any CPU
		{9EFA27AE-00D4-4ABD-B7B1-EEA642AF9BF9}.Release|Any CPU.Build.0 = Release|Any CPU
		{9EFA27AE-00D4-4ABD-B7B1-EEA642AF9BF9}.Release|x64.ActiveCfg = Release|Any CPU
		{9EFA27AE-00D4-4ABD-B7B1-EEA642AF9BF9}.Release|x64.Build.0 = Release|Any CPU
		{9EFA27AE-00D4-4ABD-B7B1-EEA642AF9BF9}.Release|x86.ActiveCfg = Release|Any CPU
		{9EFA27AE-00D4-4ABD-B7B1-EEA642AF9BF9}.Release|x86.Build.0 = Release|Any CPU
		{554EA98F-307D-4C5B-8212-B99C32A35D71}.Debug|Any CPU.ActiveCfg = Debug|Any CPU
		{554EA98F-307D-4C5B-8212-B99C32A35D71}.Debug|Any CPU.Build.0 = Debug|Any CPU
		{554EA98F-307D-4C5B-8212-B99C32A35D71}.Debug|x64.ActiveCfg = Debug|Any CPU
		{554EA98F-307D-4C5B-8212-B99C32A35D71}.Debug|x64.Build.0 = Debug|Any CPU
		{554EA98F-307D-4C5B-8212-B99C32A35D71}.Debug|x86.ActiveCfg = Debug|Any CPU
		{554EA98F-307D-4C5B-8212-B99C32A35D71}.Debug|x86.Build.0 = Debug|Any CPU
		{554EA98F-307D-4C5B-8212-B99C32A35D71}.Release|Any CPU.ActiveCfg = Release|Any CPU
		{554EA98F-307D-4C5B-8212-B99C32A35D71}.Release|Any CPU.Build.0 = Release|Any CPU
		{554EA98F-307D-4C5B-8212-B99C32A35D71}.Release|x64.ActiveCfg = Release|Any CPU
		{554EA98F-307D-4C5B-8212-B99C32A35D71}.Release|x64.Build.0 = Release|Any CPU
		{554EA98F-307D-4C5B-8212-B99C32A35D71}.Release|x86.ActiveCfg = Release|Any CPU
		{554EA98F-307D-4C5B-8212-B99C32A35D71}.Release|x86.Build.0 = Release|Any CPU
		{B25650B1-7298-4F23-B1AA-83BAAB43FA50}.Debug|Any CPU.ActiveCfg = Debug|Any CPU
		{B25650B1-7298-4F23-B1AA-83BAAB43FA50}.Debug|Any CPU.Build.0 = Debug|Any CPU
		{B25650B1-7298-4F23-B1AA-83BAAB43FA50}.Debug|x64.ActiveCfg = Debug|Any CPU
		{B25650B1-7298-4F23-B1AA-83BAAB43FA50}.Debug|x64.Build.0 = Debug|Any CPU
		{B25650B1-7298-4F23-B1AA-83BAAB43FA50}.Debug|x86.ActiveCfg = Debug|Any CPU
		{B25650B1-7298-4F23-B1AA-83BAAB43FA50}.Debug|x86.Build.0 = Debug|Any CPU
		{B25650B1-7298-4F23-B1AA-83BAAB43FA50}.Release|Any CPU.ActiveCfg = Release|Any CPU
		{B25650B1-7298-4F23-B1AA-83BAAB43FA50}.Release|Any CPU.Build.0 = Release|Any CPU
		{B25650B1-7298-4F23-B1AA-83BAAB43FA50}.Release|x64.ActiveCfg = Release|Any CPU
		{B25650B1-7298-4F23-B1AA-83BAAB43FA50}.Release|x64.Build.0 = Release|Any CPU
		{B25650B1-7298-4F23-B1AA-83BAAB43FA50}.Release|x86.ActiveCfg = Release|Any CPU
		{B25650B1-7298-4F23-B1AA-83BAAB43FA50}.Release|x86.Build.0 = Release|Any CPU
		{B2816813-1933-4362-96C4-7534E5EF3732}.Debug|Any CPU.ActiveCfg = Debug|Any CPU
		{B2816813-1933-4362-96C4-7534E5EF3732}.Debug|Any CPU.Build.0 = Debug|Any CPU
		{B2816813-1933-4362-96C4-7534E5EF3732}.Debug|x64.ActiveCfg = Debug|Any CPU
		{B2816813-1933-4362-96C4-7534E5EF3732}.Debug|x64.Build.0 = Debug|Any CPU
		{B2816813-1933-4362-96C4-7534E5EF3732}.Debug|x86.ActiveCfg = Debug|Any CPU
		{B2816813-1933-4362-96C4-7534E5EF3732}.Debug|x86.Build.0 = Debug|Any CPU
		{B2816813-1933-4362-96C4-7534E5EF3732}.Release|Any CPU.ActiveCfg = Release|Any CPU
		{B2816813-1933-4362-96C4-7534E5EF3732}.Release|Any CPU.Build.0 = Release|Any CPU
		{B2816813-1933-4362-96C4-7534E5EF3732}.Release|x64.ActiveCfg = Release|Any CPU
		{B2816813-1933-4362-96C4-7534E5EF3732}.Release|x64.Build.0 = Release|Any CPU
		{B2816813-1933-4362-96C4-7534E5EF3732}.Release|x86.ActiveCfg = Release|Any CPU
		{B2816813-1933-4362-96C4-7534E5EF3732}.Release|x86.Build.0 = Release|Any CPU
		{B970077E-BE24-4B8B-A7DC-12F21D21C6B6}.Debug|Any CPU.ActiveCfg = Debug|Any CPU
		{B970077E-BE24-4B8B-A7DC-12F21D21C6B6}.Debug|Any CPU.Build.0 = Debug|Any CPU
		{B970077E-BE24-4B8B-A7DC-12F21D21C6B6}.Debug|x64.ActiveCfg = Debug|Any CPU
		{B970077E-BE24-4B8B-A7DC-12F21D21C6B6}.Debug|x64.Build.0 = Debug|Any CPU
		{B970077E-BE24-4B8B-A7DC-12F21D21C6B6}.Debug|x86.ActiveCfg = Debug|Any CPU
		{B970077E-BE24-4B8B-A7DC-12F21D21C6B6}.Debug|x86.Build.0 = Debug|Any CPU
		{B970077E-BE24-4B8B-A7DC-12F21D21C6B6}.Release|Any CPU.ActiveCfg = Release|Any CPU
		{B970077E-BE24-4B8B-A7DC-12F21D21C6B6}.Release|Any CPU.Build.0 = Release|Any CPU
		{B970077E-BE24-4B8B-A7DC-12F21D21C6B6}.Release|x64.ActiveCfg = Release|Any CPU
		{B970077E-BE24-4B8B-A7DC-12F21D21C6B6}.Release|x64.Build.0 = Release|Any CPU
		{B970077E-BE24-4B8B-A7DC-12F21D21C6B6}.Release|x86.ActiveCfg = Release|Any CPU
		{B970077E-BE24-4B8B-A7DC-12F21D21C6B6}.Release|x86.Build.0 = Release|Any CPU
		{7565C443-F5D6-4EC7-8FC2-EA385FEE0D67}.Debug|Any CPU.ActiveCfg = Debug|Any CPU
		{7565C443-F5D6-4EC7-8FC2-EA385FEE0D67}.Debug|Any CPU.Build.0 = Debug|Any CPU
		{7565C443-F5D6-4EC7-8FC2-EA385FEE0D67}.Debug|x64.ActiveCfg = Debug|Any CPU
		{7565C443-F5D6-4EC7-8FC2-EA385FEE0D67}.Debug|x64.Build.0 = Debug|Any CPU
		{7565C443-F5D6-4EC7-8FC2-EA385FEE0D67}.Debug|x86.ActiveCfg = Debug|Any CPU
		{7565C443-F5D6-4EC7-8FC2-EA385FEE0D67}.Debug|x86.Build.0 = Debug|Any CPU
		{7565C443-F5D6-4EC7-8FC2-EA385FEE0D67}.Release|Any CPU.ActiveCfg = Release|Any CPU
		{7565C443-F5D6-4EC7-8FC2-EA385FEE0D67}.Release|Any CPU.Build.0 = Release|Any CPU
		{7565C443-F5D6-4EC7-8FC2-EA385FEE0D67}.Release|x64.ActiveCfg = Release|Any CPU
		{7565C443-F5D6-4EC7-8FC2-EA385FEE0D67}.Release|x64.Build.0 = Release|Any CPU
		{7565C443-F5D6-4EC7-8FC2-EA385FEE0D67}.Release|x86.ActiveCfg = Release|Any CPU
		{7565C443-F5D6-4EC7-8FC2-EA385FEE0D67}.Release|x86.Build.0 = Release|Any CPU
		{24F1758F-0F57-422F-871F-35E0DAF54C5F}.Debug|Any CPU.ActiveCfg = Debug|Any CPU
		{24F1758F-0F57-422F-871F-35E0DAF54C5F}.Debug|Any CPU.Build.0 = Debug|Any CPU
		{24F1758F-0F57-422F-871F-35E0DAF54C5F}.Debug|x64.ActiveCfg = Debug|Any CPU
		{24F1758F-0F57-422F-871F-35E0DAF54C5F}.Debug|x64.Build.0 = Debug|Any CPU
		{24F1758F-0F57-422F-871F-35E0DAF54C5F}.Debug|x86.ActiveCfg = Debug|Any CPU
		{24F1758F-0F57-422F-871F-35E0DAF54C5F}.Debug|x86.Build.0 = Debug|Any CPU
		{24F1758F-0F57-422F-871F-35E0DAF54C5F}.Release|Any CPU.ActiveCfg = Release|Any CPU
		{24F1758F-0F57-422F-871F-35E0DAF54C5F}.Release|Any CPU.Build.0 = Release|Any CPU
		{24F1758F-0F57-422F-871F-35E0DAF54C5F}.Release|x64.ActiveCfg = Release|Any CPU
		{24F1758F-0F57-422F-871F-35E0DAF54C5F}.Release|x64.Build.0 = Release|Any CPU
		{24F1758F-0F57-422F-871F-35E0DAF54C5F}.Release|x86.ActiveCfg = Release|Any CPU
		{24F1758F-0F57-422F-871F-35E0DAF54C5F}.Release|x86.Build.0 = Release|Any CPU
		{B666F761-1E73-4DF3-B2CF-E8EDF9ABC486}.Debug|Any CPU.ActiveCfg = Debug|Any CPU
		{B666F761-1E73-4DF3-B2CF-E8EDF9ABC486}.Debug|Any CPU.Build.0 = Debug|Any CPU
		{B666F761-1E73-4DF3-B2CF-E8EDF9ABC486}.Debug|x64.ActiveCfg = Debug|Any CPU
		{B666F761-1E73-4DF3-B2CF-E8EDF9ABC486}.Debug|x64.Build.0 = Debug|Any CPU
		{B666F761-1E73-4DF3-B2CF-E8EDF9ABC486}.Debug|x86.ActiveCfg = Debug|Any CPU
		{B666F761-1E73-4DF3-B2CF-E8EDF9ABC486}.Debug|x86.Build.0 = Debug|Any CPU
		{B666F761-1E73-4DF3-B2CF-E8EDF9ABC486}.Release|Any CPU.ActiveCfg = Release|Any CPU
		{B666F761-1E73-4DF3-B2CF-E8EDF9ABC486}.Release|Any CPU.Build.0 = Release|Any CPU
		{B666F761-1E73-4DF3-B2CF-E8EDF9ABC486}.Release|x64.ActiveCfg = Release|Any CPU
		{B666F761-1E73-4DF3-B2CF-E8EDF9ABC486}.Release|x64.Build.0 = Release|Any CPU
		{B666F761-1E73-4DF3-B2CF-E8EDF9ABC486}.Release|x86.ActiveCfg = Release|Any CPU
		{B666F761-1E73-4DF3-B2CF-E8EDF9ABC486}.Release|x86.Build.0 = Release|Any CPU
		{CC4A7B3B-A978-4A7E-AB96-BC6B386B6A48}.Debug|Any CPU.ActiveCfg = Debug|Any CPU
		{CC4A7B3B-A978-4A7E-AB96-BC6B386B6A48}.Debug|Any CPU.Build.0 = Debug|Any CPU
		{CC4A7B3B-A978-4A7E-AB96-BC6B386B6A48}.Debug|x64.ActiveCfg = Debug|Any CPU
		{CC4A7B3B-A978-4A7E-AB96-BC6B386B6A48}.Debug|x64.Build.0 = Debug|Any CPU
		{CC4A7B3B-A978-4A7E-AB96-BC6B386B6A48}.Debug|x86.ActiveCfg = Debug|Any CPU
		{CC4A7B3B-A978-4A7E-AB96-BC6B386B6A48}.Debug|x86.Build.0 = Debug|Any CPU
		{CC4A7B3B-A978-4A7E-AB96-BC6B386B6A48}.Release|Any CPU.ActiveCfg = Release|Any CPU
		{CC4A7B3B-A978-4A7E-AB96-BC6B386B6A48}.Release|Any CPU.Build.0 = Release|Any CPU
		{CC4A7B3B-A978-4A7E-AB96-BC6B386B6A48}.Release|x64.ActiveCfg = Release|Any CPU
		{CC4A7B3B-A978-4A7E-AB96-BC6B386B6A48}.Release|x64.Build.0 = Release|Any CPU
		{CC4A7B3B-A978-4A7E-AB96-BC6B386B6A48}.Release|x86.ActiveCfg = Release|Any CPU
		{CC4A7B3B-A978-4A7E-AB96-BC6B386B6A48}.Release|x86.Build.0 = Release|Any CPU
	EndGlobalSection
	GlobalSection(SolutionProperties) = preSolution
		HideSolutionNode = FALSE
	EndGlobalSection
	GlobalSection(NestedProjects) = preSolution
		{36EB569D-11F9-4CB7-AB1B-5E7F9E568921} = {9C28D4B3-39CA-4911-B1D0-209F86D2CDB1}
		{9EFA27AE-00D4-4ABD-B7B1-EEA642AF9BF9} = {9C28D4B3-39CA-4911-B1D0-209F86D2CDB1}
		{554EA98F-307D-4C5B-8212-B99C32A35D71} = {9C28D4B3-39CA-4911-B1D0-209F86D2CDB1}
		{B25650B1-7298-4F23-B1AA-83BAAB43FA50} = {9C28D4B3-39CA-4911-B1D0-209F86D2CDB1}
		{B2816813-1933-4362-96C4-7534E5EF3732} = {7F78C994-CBAE-4683-A2BB-FCE45B0D63D5}
		{B970077E-BE24-4B8B-A7DC-12F21D21C6B6} = {7F78C994-CBAE-4683-A2BB-FCE45B0D63D5}
		{7565C443-F5D6-4EC7-8FC2-EA385FEE0D67} = {7F78C994-CBAE-4683-A2BB-FCE45B0D63D5}
		{24F1758F-0F57-422F-871F-35E0DAF54C5F} = {7F78C994-CBAE-4683-A2BB-FCE45B0D63D5}
		{B666F761-1E73-4DF3-B2CF-E8EDF9ABC486} = {9C28D4B3-39CA-4911-B1D0-209F86D2CDB1}
		{CC4A7B3B-A978-4A7E-AB96-BC6B386B6A48} = {7F78C994-CBAE-4683-A2BB-FCE45B0D63D5}
	EndGlobalSection
	GlobalSection(ExtensibilityGlobals) = postSolution
		SolutionGuid = {49151394-EC86-492C-87DF-96B884CA6B32}
	EndGlobalSection
EndGlobal
